
Microsoft Visual Studio Solution File, Format Version 12.00
# Visual Studio Version 17
VisualStudioVersion = 17.9.34701.34
MinimumVisualStudioVersion = 10.0.40219.1
Project("{FAE04EC0-301F-11D3-BF4B-00C04F79EFBC}") = "21.06_TCP_UDP_sockets", "21.06_TCP_UDP_sockets\21.06_TCP_UDP_sockets.csproj", "{4C4925E8-C17B-473D-B39F-EF7D180D205C}"
EndProject
Global
	GlobalSection(SolutionConfigurationPlatforms) = preSolution
		Debug|Any CPU = Debug|Any CPU
		Release|Any CPU = Release|Any CPU
	EndGlobalSection
	GlobalSection(ProjectConfigurationPlatforms) = postSolution
		{4C4925E8-C17B-473D-B39F-EF7D180D205C}.Debug|Any CPU.ActiveCfg = Debug|Any CPU
		{4C4925E8-C17B-473D-B39F-EF7D180D205C}.Debug|Any CPU.Build.0 = Debug|Any CPU
		{4C4925E8-C17B-473D-B39F-EF7D180D205C}.Release|Any CPU.ActiveCfg = Release|Any CPU
		{4C4925E8-C17B-473D-B39F-EF7D180D205C}.Release|Any CPU.Build.0 = Release|Any CPU
	EndGlobalSection
	GlobalSection(SolutionProperties) = preSolution
		HideSolutionNode = FALSE
	EndGlobalSection
	GlobalSection(ExtensibilityGlobals) = postSolution
		SolutionGuid = {9A113822-340B-44B5-BCF5-85C112DC5D22}
	EndGlobalSection
EndGlobal
